
Microsoft Visual Studio Solution File, Format Version 12.00
# Visual Studio Version 17
VisualStudioVersion = 17.12.35527.113 d17.12
MinimumVisualStudioVersion = 10.0.40219.1
Project("{FAE04EC0-301F-11D3-BF4B-00C04F79EFBC}") = "Users", "Users.csproj", "{F161ED59-5261-4743-A944-8E2FAD18F93C}"
EndProject
Project("{FAE04EC0-301F-11D3-BF4B-00C04F79EFBC}") = "Users.Services", "..\Users.Services\Users.Services.csproj", "{58075CE4-F9BB-416B-8050-D9C93112F94E}"
EndProject
Project("{FAE04EC0-301F-11D3-BF4B-00C04F79EFBC}") = "Users.DataAccess", "..\Users.DataAccess\Users.DataAccess.csproj", "{4F28981C-7FEE-4DE5-8543-454B83D219C4}"
EndProject
Global
	GlobalSection(SolutionConfigurationPlatforms) = preSolution
		Debug|Any CPU = Debug|Any CPU
		Release|Any CPU = Release|Any CPU
	EndGlobalSection
	GlobalSection(ProjectConfigurationPlatforms) = postSolution
		{F161ED59-5261-4743-A944-8E2FAD18F93C}.Debug|Any CPU.ActiveCfg = Debug|Any CPU
		{F161ED59-5261-4743-A944-8E2FAD18F93C}.Debug|Any CPU.Build.0 = Debug|Any CPU
		{F161ED59-5261-4743-A944-8E2FAD18F93C}.Release|Any CPU.ActiveCfg = Release|Any CPU
		{F161ED59-5261-4743-A944-8E2FAD18F93C}.Release|Any CPU.Build.0 = Release|Any CPU
		{58075CE4-F9BB-416B-8050-D9C93112F94E}.Debug|Any CPU.ActiveCfg = Debug|Any CPU
		{58075CE4-F9BB-416B-8050-D9C93112F94E}.Debug|Any CPU.Build.0 = Debug|Any CPU
		{58075CE4-F9BB-416B-8050-D9C93112F94E}.Release|Any CPU.ActiveCfg = Release|Any CPU
		{58075CE4-F9BB-416B-8050-D9C93112F94E}.Release|Any CPU.Build.0 = Release|Any CPU
		{4F28981C-7FEE-4DE5-8543-454B83D219C4}.Debug|Any CPU.ActiveCfg = Debug|Any CPU
		{4F28981C-7FEE-4DE5-8543-454B83D219C4}.Debug|Any CPU.Build.0 = Debug|Any CPU
		{4F28981C-7FEE-4DE5-8543-454B83D219C4}.Release|Any CPU.ActiveCfg = Release|Any CPU
		{4F28981C-7FEE-4DE5-8543-454B83D219C4}.Release|Any CPU.Build.0 = Release|Any CPU
	EndGlobalSection
	GlobalSection(SolutionProperties) = preSolution
		HideSolutionNode = FALSE
	EndGlobalSection
EndGlobal
