
Microsoft Visual Studio Solution File, Format Version 12.00
# Visual Studio Version 17
VisualStudioVersion = 17.12.35527.113 d17.12
MinimumVisualStudioVersion = 10.0.40219.1
Project("{FAE04EC0-301F-11D3-BF4B-00C04F79EFBC}") = "UsersAPI", "UsersAPI.csproj", "{E0841BD0-A075-4EBF-AD80-9A343C9E6EDD}"
EndProject
Project("{FAE04EC0-301F-11D3-BF4B-00C04F79EFBC}") = "UsersAPI.Entities", "..\UsersAPI.Entities\UsersAPI.Entities.csproj", "{899EDF14-7721-4151-92AA-3F6632EA6BFA}"
EndProject
Project("{FAE04EC0-301F-11D3-BF4B-00C04F79EFBC}") = "UsersAPI.Data", "..\UsersAPI.Data\UsersAPI.Data.csproj", "{1AA66AA8-87AB-42E1-91B3-604C8A6A8438}"
EndProject
Project("{FAE04EC0-301F-11D3-BF4B-00C04F79EFBC}") = "UsersAPI.Services", "..\UsersAPI.Services\UsersAPI.Services.csproj", "{C1FD9EC8-511D-4A56-BA0D-4917B2A59B85}"
EndProject
Global
	GlobalSection(SolutionConfigurationPlatforms) = preSolution
		Debug|Any CPU = Debug|Any CPU
		Release|Any CPU = Release|Any CPU
	EndGlobalSection
	GlobalSection(ProjectConfigurationPlatforms) = postSolution
		{E0841BD0-A075-4EBF-AD80-9A343C9E6EDD}.Debug|Any CPU.ActiveCfg = Debug|Any CPU
		{E0841BD0-A075-4EBF-AD80-9A343C9E6EDD}.Debug|Any CPU.Build.0 = Debug|Any CPU
		{E0841BD0-A075-4EBF-AD80-9A343C9E6EDD}.Release|Any CPU.ActiveCfg = Release|Any CPU
		{E0841BD0-A075-4EBF-AD80-9A343C9E6EDD}.Release|Any CPU.Build.0 = Release|Any CPU
		{899EDF14-7721-4151-92AA-3F6632EA6BFA}.Debug|Any CPU.ActiveCfg = Debug|Any CPU
		{899EDF14-7721-4151-92AA-3F6632EA6BFA}.Debug|Any CPU.Build.0 = Debug|Any CPU
		{899EDF14-7721-4151-92AA-3F6632EA6BFA}.Release|Any CPU.ActiveCfg = Release|Any CPU
		{899EDF14-7721-4151-92AA-3F6632EA6BFA}.Release|Any CPU.Build.0 = Release|Any CPU
		{1AA66AA8-87AB-42E1-91B3-604C8A6A8438}.Debug|Any CPU.ActiveCfg = Debug|Any CPU
		{1AA66AA8-87AB-42E1-91B3-604C8A6A8438}.Debug|Any CPU.Build.0 = Debug|Any CPU
		{1AA66AA8-87AB-42E1-91B3-604C8A6A8438}.Release|Any CPU.ActiveCfg = Release|Any CPU
		{1AA66AA8-87AB-42E1-91B3-604C8A6A8438}.Release|Any CPU.Build.0 = Release|Any CPU
		{C1FD9EC8-511D-4A56-BA0D-4917B2A59B85}.Debug|Any CPU.ActiveCfg = Debug|Any CPU
		{C1FD9EC8-511D-4A56-BA0D-4917B2A59B85}.Debug|Any CPU.Build.0 = Debug|Any CPU
		{C1FD9EC8-511D-4A56-BA0D-4917B2A59B85}.Release|Any CPU.ActiveCfg = Release|Any CPU
		{C1FD9EC8-511D-4A56-BA0D-4917B2A59B85}.Release|Any CPU.Build.0 = Release|Any CPU
	EndGlobalSection
	GlobalSection(SolutionProperties) = preSolution
		HideSolutionNode = FALSE
	EndGlobalSection
EndGlobal
